{
  "name": "agente-impressao-argox",
  "version": "2.1.0",
  "lockfileVersion": 3,
  "requires": true,
  "packages": {
    "": {
      "name": "agente-impressao-argox",
      "version": "2.1.0",
      "dependencies": {
        "bwip-js": "^4.5.1"
      }
    },
    "node_modules/bwip-js": {
      "version": "4.5.1",
      "resolved": "https://registry.npmjs.org/bwip-js/-/bwip-js-4.5.1.tgz",
      "integrity": "sha512-83yQCKiIftz5YonnsTh6wIkFoHHWl+B/XaGWD1UdRw7aB6XP9JtyYP9n8sRy3m5rzL+Ch/RUPnu28UW0RrPZUA==",
      "license": "MIT",
      "bin": {
        "bwip-js": "bin/bwip-js.js"
      }
    }
  }
}
